{
  "name": "gilbertwat.github.io",
  "version": "4.0.0",
  "lockfileVersion": 1,
  "requires": true,
  "dependencies": {
    "jquery": {
      "version": "2.2.4",
      "resolved": "https://registry.npmjs.org/jquery/-/jquery-2.2.4.tgz",
      "integrity": "sha1-LInWiJterFIqfuoywUUhVZxsvwI="
    },
    "jquery.panzoom": {
      "version": "2.0.6",
      "resolved": "https://registry.npmjs.org/jquery.panzoom/-/jquery.panzoom-2.0.6.tgz",
      "integrity": "sha1-fg0pMMM66vfHGrZkahDrncTX7SE="
    },
    "mathjax": {
      "version": "2.7.2",
      "resolved": "https://registry.npmjs.org/mathjax/-/mathjax-2.7.2.tgz",
      "integrity": "sha512-Z9te7r3lsjZibugO1uKsdyqICKXVNr7M1Ll2GtjJu9cUKvOvwDqEp0YIjBD4H58NNuPg5DP5/AQ2Tu8K52Mqng=="
    },
    "moment": {
      "version": "2.20.1",
      "resolved": "https://registry.npmjs.org/moment/-/moment-2.20.1.tgz",
      "integrity": "sha512-Yh9y73JRljxW5QxN08Fner68eFLxM5ynNOAw2LbIB1YAGeQzZT8QFSUvkAz609Zf+IHhhaUxqZK8dG3W/+HEvg=="
    },
    "typed.js": {
      "version": "1.1.7",
      "resolved": "https://registry.npmjs.org/typed.js/-/typed.js-1.1.7.tgz",
      "integrity": "sha1-Vz2cEabmHoBre97+nqeL7+JanWM="
    },
    "underscore": {
      "version": "1.8.3",
      "resolved": "https://registry.npmjs.org/underscore/-/underscore-1.8.3.tgz",
      "integrity": "sha1-Tz+1OxBuYJf8+ctBCfKl6b36UCI="
    }
  }
}
